{
  "name": "cpuschedular",
  "version": "1.0.0",
  "lockfileVersion": 3,
  "requires": true,
  "packages": {
    "": {
      "name": "cpuschedular",
      "version": "1.0.0",
      "license": "MIT",
      "dependencies": {
        "@datastructures-js/priority-queue": "^6.2.0",
        "typescript": "^5.0.4"
      }
    },
    "node_modules/@datastructures-js/heap": {
      "version": "4.3.1",
      "resolved": "https://registry.npmjs.org/@datastructures-js/heap/-/heap-4.3.1.tgz",
      "integrity": "sha512-au4fYa4fprREES58FnMOTFjg8lCYpSenF5tBu8C/iweMaj02rAOZUqlLUCqR3HIWzNfgTeCmAiyRHdjJVHrsIQ=="
    },
    "node_modules/@datastructures-js/priority-queue": {
      "version": "6.2.0",
      "resolved": "https://registry.npmjs.org/@datastructures-js/priority-queue/-/priority-queue-6.2.0.tgz",
      "integrity": "sha512-z4Nikrb3PqlYn1+2bF+LArm2kWC5kvm13E1h+HYm0exGuUEp2Av0S31tDG+h8hVIbg+FlJIzWiF/T38XIexs5w==",
      "dependencies": {
        "@datastructures-js/heap": "^4.3.1"
      }
    },
    "node_modules/typescript": {
      "version": "5.0.4",
      "resolved": "https://registry.npmjs.org/typescript/-/typescript-5.0.4.tgz",
      "integrity": "sha512-cW9T5W9xY37cc+jfEnaUvX91foxtHkza3Nw3wkoF4sSlKn0MONdkdEndig/qPBWXNkmplh3NzayQzCiHM4/hqw==",
      "bin": {
        "tsc": "bin/tsc",
        "tsserver": "bin/tsserver"
      },
      "engines": {
        "node": ">=12.20"
      }
    }
  }
}
